// !$*UTF8*$!
{
	archiveVersion = 1;
	classes = {
	};
	objectVersion = 48;
	objects = {

/* Begin PBXBuildFile section */
		05C52B6820A574310056AB3E /* AppDelegate.m in Sources */ = {isa = PBXBuildFile; fileRef = 05C52B6720A574310056AB3E /* AppDelegate.m */; };
		05C52B6B20A574310056AB3E /* ViewController.m in Sources */ = {isa = PBXBuildFile; fileRef = 05C52B6A20A574310056AB3E /* ViewController.m */; };
		05C52B6E20A574310056AB3E /* Main.storyboard in Resources */ = {isa = PBXBuildFile; fileRef = 05C52B6C20A574310056AB3E /* Main.storyboard */; };
		05C52B7020A574310056AB3E /* Assets.xcassets in Resources */ = {isa = PBXBuildFile; fileRef = 05C52B6F20A574310056AB3E /* Assets.xcassets */; };
		05C52B7320A574310056AB3E /* LaunchScreen.storyboard in Resources */ = {isa = PBXBuildFile; fileRef = 05C52B7120A574310056AB3E /* LaunchScreen.storyboard */; };
		05C52B7620A574310056AB3E /* main.m in Sources */ = {isa = PBXBuildFile; fileRef = 05C52B7520A574310056AB3E /* main.m */; };
		05C52BA420A575C90056AB3E /* CTMediator+A.m in Sources */ = {isa = PBXBuildFile; fileRef = 05C52BA320A575C90056AB3E /* CTMediator+A.m */; };
		50B76F1C68F451017012A21A /* libPods-A_Category.a in Frameworks */ = {isa = PBXBuildFile; fileRef = 32A98970CD29DB76B10DFC51 /* libPods-A_Category.a */; };
/* End PBXBuildFile section */

/* Begin PBXContainerItemProxy section */
		05C52B7C20A574310056AB3E /* PBXContainerItemProxy */ = {
			isa = PBXContainerItemProxy;
			containerPortal = 05C52B5B20A574300056AB3E /* Project object */;
			proxyType = 1;
			remoteGlobalIDString = 05C52B6220A574300056AB3E;
			remoteInfo = A_Category;
		};
		05C52B8720A574310056AB3E /* PBXContainerItemProxy */ = {
			isa = PBXContainerItemProxy;
			containerPortal = 05C52B5B20A574300056AB3E /* Project object */;
			proxyType = 1;
			remoteGlobalIDString = 05C52B6220A574300056AB3E;
			remoteInfo = A_Category;
		};
/* End PBXContainerItemProxy section */

/* Begin PBXFileReference section */
		05C52B6620A574300056AB3E /* AppDelegate.h */ = {isa = PBXFileReference; lastKnownFileType = sourcecode.c.h; path = AppDelegate.h; sourceTree = "<group>"; };
		05C52B6720A574310056AB3E /* AppDelegate.m */ = {isa = PBXFileReference; lastKnownFileType = sourcecode.c.objc; path = AppDelegate.m; sourceTree = "<group>"; };
		05C52B6920A574310056AB3E /* ViewController.h */ = {isa = PBXFileReference; lastKnownFileType = sourcecode.c.h; path = ViewController.h; sourceTree = "<group>"; };
		05C52B6A20A574310056AB3E /* ViewController.m */ = {isa = PBXFileReference; lastKnownFileType = sourcecode.c.objc; path = ViewController.m; sourceTree = "<group>"; };
		05C52B6D20A574310056AB3E /* Base */ = {isa = PBXFileReference; lastKnownFileType = file.storyboard; name = Base; path = Base.lproj/Main.storyboard; sourceTree = "<group>"; };
		05C52B6F20A574310056AB3E /* Assets.xcassets */ = {isa = PBXFileReference; lastKnownFileType = folder.assetcatalog; path = Assets.xcassets; sourceTree = "<group>"; };
		05C52B7220A574310056AB3E /* Base */ = {isa = PBXFileReference; lastKnownFileType = file.storyboard; name = Base; path = Base.lproj/LaunchScreen.storyboard; sourceTree = "<group>"; };
		05C52B7420A574310056AB3E /* Info.plist */ = {isa = PBXFileReference; lastKnownFileType = text.plist.xml; path = Info.plist; sourceTree = "<group>"; };
		05C52B7520A574310056AB3E /* main.m */ = {isa = PBXFileReference; lastKnownFileType = sourcecode.c.objc; path = main.m; sourceTree = "<group>"; };
		05C52B9820A5752B0056AB3E /* A_Category.app */ = {isa = PBXFileReference; explicitFileType = wrapper.application; includeInIndex = 0; path = A_Category.app; sourceTree = BUILT_PRODUCTS_DIR; };
		05C52B9920A5752B0056AB3E /* A_CategoryTests.xctest */ = {isa = PBXFileReference; explicitFileType = wrapper.cfbundle; includeInIndex = 0; path = A_CategoryTests.xctest; sourceTree = BUILT_PRODUCTS_DIR; };
		05C52B9A20A5752B0056AB3E /* A_CategoryUITests.xctest */ = {isa = PBXFileReference; explicitFileType = wrapper.cfbundle; includeInIndex = 0; path = A_CategoryUITests.xctest; sourceTree = BUILT_PRODUCTS_DIR; };
		05C52BA220A575C90056AB3E /* CTMediator+A.h */ = {isa = PBXFileReference; lastKnownFileType = sourcecode.c.h; path = "CTMediator+A.h"; sourceTree = "<group>"; };
		05C52BA320A575C90056AB3E /* CTMediator+A.m */ = {isa = PBXFileReference; lastKnownFileType = sourcecode.c.objc; path = "CTMediator+A.m"; sourceTree = "<group>"; };
		32A98970CD29DB76B10DFC51 /* libPods-A_Category.a */ = {isa = PBXFileReference; explicitFileType = archive.ar; includeInIndex = 0; path = "libPods-A_Category.a"; sourceTree = BUILT_PRODUCTS_DIR; };
		C6D03B93E45E8F7009661160 /* Pods-A_Category.release.xcconfig */ = {isa = PBXFileReference; includeInIndex = 1; lastKnownFileType = text.xcconfig; name = "Pods-A_Category.release.xcconfig"; path = "Pods/Target Support Files/Pods-A_Category/Pods-A_Category.release.xcconfig"; sourceTree = "<group>"; };
		F3A9D2C6429642D2C478E9FC /* Pods-A_Category.debug.xcconfig */ = {isa = PBXFileReference; includeInIndex = 1; lastKnownFileType = text.xcconfig; name = "Pods-A_Category.debug.xcconfig"; path = "Pods/Target Support Files/Pods-A_Category/Pods-A_Category.debug.xcconfig"; sourceTree = "<group>"; };
/* End PBXFileReference section */

/* Begin PBXFrameworksBuildPhase section */
		05C52B6020A574300056AB3E /* Frameworks */ = {
			isa = PBXFrameworksBuildPhase;
			buildActionMask = 2147483647;
			files = (
				50B76F1C68F451017012A21A /* libPods-A_Category.a in Frameworks */,
			);
			runOnlyForDeploymentPostprocessing = 0;
		};
		05C52B7820A574310056AB3E /* Frameworks */ = {
			isa = PBXFrameworksBuildPhase;
			buildActionMask = 2147483647;
			files = (
			);
			runOnlyForDeploymentPostprocessing = 0;
		};
		05C52B8320A574310056AB3E /* Frameworks */ = {
			isa = PBXFrameworksBuildPhase;
			buildActionMask = 2147483647;
			files = (
			);
			runOnlyForDeploymentPostprocessing = 0;
		};
/* End PBXFrameworksBuildPhase section */

/* Begin PBXGroup section */
		05C52B5A20A574300056AB3E = {
			isa = PBXGroup;
			children = (
				05C52B6520A574300056AB3E /* A_Category */,
				0C434B8445E4611C1985ED36 /* Pods */,
				64DEB6E9AC3A43AB729640C4 /* Frameworks */,
				05C52B9820A5752B0056AB3E /* A_Category.app */,
				05C52B9920A5752B0056AB3E /* A_CategoryTests.xctest */,
				05C52B9A20A5752B0056AB3E /* A_CategoryUITests.xctest */,
			);
			sourceTree = "<group>";
		};
		05C52B6520A574300056AB3E /* A_Category */ = {
			isa = PBXGroup;
			children = (
				05C52B9B20A575600056AB3E /* A_Category */,
				05C52B6620A574300056AB3E /* AppDelegate.h */,
				05C52B6720A574310056AB3E /* AppDelegate.m */,
				05C52B6920A574310056AB3E /* ViewController.h */,
				05C52B6A20A574310056AB3E /* ViewController.m */,
				05C52B6C20A574310056AB3E /* Main.storyboard */,
				05C52B6F20A574310056AB3E /* Assets.xcassets */,
				05C52B7120A574310056AB3E /* LaunchScreen.storyboard */,
				05C52B7420A574310056AB3E /* Info.plist */,
				05C52B7520A574310056AB3E /* main.m */,
			);
			path = A_Category;
			sourceTree = "<group>";
		};
		05C52B9B20A575600056AB3E /* A_Category */ = {
			isa = PBXGroup;
			children = (
				05C52BA220A575C90056AB3E /* CTMediator+A.h */,
				05C52BA320A575C90056AB3E /* CTMediator+A.m */,
			);
			path = A_Category;
			sourceTree = "<group>";
		};
		0C434B8445E4611C1985ED36 /* Pods */ = {
			isa = PBXGroup;
			children = (
				F3A9D2C6429642D2C478E9FC /* Pods-A_Category.debug.xcconfig */,
				C6D03B93E45E8F7009661160 /* Pods-A_Category.release.xcconfig */,
			);
			name = Pods;
			sourceTree = "<group>";
		};
		64DEB6E9AC3A43AB729640C4 /* Frameworks */ = {
			isa = PBXGroup;
			children = (
				32A98970CD29DB76B10DFC51 /* libPods-A_Category.a */,
			);
			name = Frameworks;
			sourceTree = "<group>";
		};
/* End PBXGroup section */

/* Begin PBXNativeTarget section */
		05C52B6220A574300056AB3E /* A_Category */ = {
			isa = PBXNativeTarget;
			buildConfigurationList = 05C52B8F20A574310056AB3E /* Build configuration list for PBXNativeTarget "A_Category" */;
			buildPhases = (
				D7007485B91118EED8ECA495 /* [CP] Check Pods Manifest.lock */,
				05C52B5F20A574300056AB3E /* Sources */,
				05C52B6020A574300056AB3E /* Frameworks */,
				05C52B6120A574300056AB3E /* Resources */,
			);
			buildRules = (
			);
			dependencies = (
			);
			name = A_Category;
			productName = A_Category;
			productReference = 05C52B9820A5752B0056AB3E /* A_Category.app */;
			productType = "com.apple.product-type.application";
		};
		05C52B7A20A574310056AB3E /* A_CategoryTests */ = {
			isa = PBXNativeTarget;
			buildConfigurationList = 05C52B9220A574310056AB3E /* Build configuration list for PBXNativeTarget "A_CategoryTests" */;
			buildPhases = (
				05C52B7720A574310056AB3E /* Sources */,
				05C52B7820A574310056AB3E /* Frameworks */,
				05C52B7920A574310056AB3E /* Resources */,
			);
			buildRules = (
			);
			dependencies = (
				05C52B7D20A574310056AB3E /* PBXTargetDependency */,
			);
			name = A_CategoryTests;
			productName = A_CategoryTests;
			productReference = 05C52B9920A5752B0056AB3E /* A_CategoryTests.xctest */;
			productType = "com.apple.product-type.bundle.unit-test";
		};
		05C52B8520A574310056AB3E /* A_CategoryUITests */ = {
			isa = PBXNativeTarget;
			buildConfigurationList = 05C52B9520A574310056AB3E /* Build configuration list for PBXNativeTarget "A_CategoryUITests" */;
			buildPhases = (
				05C52B8220A574310056AB3E /* Sources */,
				05C52B8320A574310056AB3E /* Frameworks */,
				05C52B8420A574310056AB3E /* Resources */,
			);
			buildRules = (
			);
			dependencies = (
				05C52B8820A574310056AB3E /* PBXTargetDependency */,
			);
			name = A_CategoryUITests;
			productName = A_CategoryUITests;
			productReference = 05C52B9A20A5752B0056AB3E /* A_CategoryUITests.xctest */;
			productType = "com.apple.product-type.bundle.ui-testing";
		};
/* End PBXNativeTarget section */

/* Begin PBXProject section */
		05C52B5B20A574300056AB3E /* Project object */ = {
			isa = PBXProject;
			attributes = {
				LastUpgradeCheck = 0920;
				ORGANIZATIONNAME = Lucky;
				TargetAttributes = {
					05C52B6220A574300056AB3E = {
						CreatedOnToolsVersion = 9.2;
						ProvisioningStyle = Automatic;
					};
					05C52B7A20A574310056AB3E = {
						CreatedOnToolsVersion = 9.2;
						ProvisioningStyle = Automatic;
						TestTargetID = 05C52B6220A574300056AB3E;
					};
					05C52B8520A574310056AB3E = {
						CreatedOnToolsVersion = 9.2;
						ProvisioningStyle = Automatic;
						TestTargetID = 05C52B6220A574300056AB3E;
					};
				};
			};
			buildConfigurationList = 05C52B5E20A574300056AB3E /* Build configuration list for PBXProject "A_Category" */;
			compatibilityVersion = "Xcode 8.0";
			developmentRegion = en;
			hasScannedForEncodings = 0;
			knownRegions = (
				en,
				Base,
			);
			mainGroup = 05C52B5A20A574300056AB3E;
			productRefGroup = 05C52B5A20A574300056AB3E;
			projectDirPath = "";
			projectRoot = "";
			targets = (
				05C52B6220A574300056AB3E /* A_Category */,
				05C52B7A20A574310056AB3E /* A_CategoryTests */,
				05C52B8520A574310056AB3E /* A_CategoryUITests */,
			);
		};
/* End PBXProject section */

/* Begin PBXResourcesBuildPhase section */
		05C52B6120A574300056AB3E /* Resources */ = {
			isa = PBXResourcesBuildPhase;
			buildActionMask = 2147483647;
			files = (
				05C52B7320A574310056AB3E /* LaunchScreen.storyboard in Resources */,
				05C52B7020A574310056AB3E /* Assets.xcassets in Resources */,
				05C52B6E20A574310056AB3E /* Main.storyboard in Resources */,
			);
			runOnlyForDeploymentPostprocessing = 0;
		};
		05C52B7920A574310056AB3E /* Resources */ = {
			isa = PBXResourcesBuildPhase;
			buildActionMask = 2147483647;
			files = (
			);
			runOnlyForDeploymentPostprocessing = 0;
		};
		05C52B8420A574310056AB3E /* Resources */ = {
			isa = PBXResourcesBuildPhase;
			buildActionMask = 2147483647;
			files = (
			);
			runOnlyForDeploymentPostprocessing = 0;
		};
/* End PBXResourcesBuildPhase section */

/* Begin PBXShellScriptBuildPhase section */
		D7007485B91118EED8ECA495 /* [CP] Check Pods Manifest.lock */ = {
			isa = PBXShellScriptBuildPhase;
			buildActionMask = 2147483647;
			files = (
			);
			inputPaths = (
				"${PODS_PODFILE_DIR_PATH}/Podfile.lock",
				"${PODS_ROOT}/Manifest.lock",
			);
			name = "[CP] Check Pods Manifest.lock";
			outputPaths = (
				"$(DERIVED_FILE_DIR)/Pods-A_Category-checkManifestLockResult.txt",
			);
			runOnlyForDeploymentPostprocessing = 0;
			shellPath = /bin/sh;
			shellScript = "diff \"${PODS_PODFILE_DIR_PATH}/Podfile.lock\" \"${PODS_ROOT}/Manifest.lock\" > /dev/null\nif [ $? != 0 ] ; then\n    # print error to STDERR\n    echo \"error: The sandbox is not in sync with the Podfile.lock. Run 'pod install' or update your CocoaPods installation.\" >&2\n    exit 1\nfi\n# This output is used by Xcode 'outputs' to avoid re-running this script phase.\necho \"SUCCESS\" > \"${SCRIPT_OUTPUT_FILE_0}\"\n";
			showEnvVarsInLog = 0;
		};
/* End PBXShellScriptBuildPhase section */

/* Begin PBXSourcesBuildPhase section */
		05C52B5F20A574300056AB3E /* Sources */ = {
			isa = PBXSourcesBuildPhase;
			buildActionMask = 2147483647;
			files = (
				05C52B6B20A574310056AB3E /* ViewController.m in Sources */,
				05C52BA420A575C90056AB3E /* CTMediator+A.m in Sources */,
				05C52B7620A574310056AB3E /* main.m in Sources */,
				05C52B6820A574310056AB3E /* AppDelegate.m in Sources */,
			);
			runOnlyForDeploymentPostprocessing = 0;
		};
		05C52B7720A574310056AB3E /* Sources */ = {
			isa = PBXSourcesBuildPhase;
			buildActionMask = 2147483647;
			files = (
			);
			runOnlyForDeploymentPostprocessing = 0;
		};
		05C52B8220A574310056AB3E /* Sources */ = {
			isa = PBXSourcesBuildPhase;
			buildActionMask = 2147483647;
			files = (
			);
			runOnlyForDeploymentPostprocessing = 0;
		};
/* End PBXSourcesBuildPhase section */

/* Begin PBXTargetDependency section */
		05C52B7D20A574310056AB3E /* PBXTargetDependency */ = {
			isa = PBXTargetDependency;
			target = 05C52B6220A574300056AB3E /* A_Category */;
			targetProxy = 05C52B7C20A574310056AB3E /* PBXContainerItemProxy */;
		};
		05C52B8820A574310056AB3E /* PBXTargetDependency */ = {
			isa = PBXTargetDependency;
			target = 05C52B6220A574300056AB3E /* A_Category */;
			targetProxy = 05C52B8720A574310056AB3E /* PBXContainerItemProxy */;
		};
/* End PBXTargetDependency section */

/* Begin PBXVariantGroup section */
		05C52B6C20A574310056AB3E /* Main.storyboard */ = {
			isa = PBXVariantGroup;
			children = (
				05C52B6D20A574310056AB3E /* Base */,
			);
			name = Main.storyboard;
			sourceTree = "<group>";
		};
		05C52B7120A574310056AB3E /* LaunchScreen.storyboard */ = {
			isa = PBXVariantGroup;
			children = (
				05C52B7220A574310056AB3E /* Base */,
			);
			name = LaunchScreen.storyboard;
			sourceTree = "<group>";
		};
/* End PBXVariantGroup section */

/* Begin XCBuildConfiguration section */
		05C52B8D20A574310056AB3E /* Debug */ = {
			isa = XCBuildConfiguration;
			buildSettings = {
				ALWAYS_SEARCH_USER_PATHS = NO;
				CLANG_ANALYZER_NONNULL = YES;
				CLANG_ANALYZER_NUMBER_OBJECT_CONVERSION = YES_AGGRESSIVE;
				CLANG_CXX_LANGUAGE_STANDARD = "gnu++14";
				CLANG_CXX_LIBRARY = "libc++";
				CLANG_ENABLE_MODULES = YES;
				CLANG_ENABLE_OBJC_ARC = YES;
				CLANG_WARN_BLOCK_CAPTURE_AUTORELEASING = YES;
				CLANG_WARN_BOOL_CONVERSION = YES;
				CLANG_WARN_COMMA = YES;
				CLANG_WARN_CONSTANT_CONVERSION = YES;
				CLANG_WARN_DIRECT_OBJC_ISA_USAGE = YES_ERROR;
				CLANG_WARN_DOCUMENTATION_COMMENTS = YES;
				CLANG_WARN_EMPTY_BODY = YES;
				CLANG_WARN_ENUM_CONVERSION = YES;
				CLANG_WARN_INFINITE_RECURSION = YES;
				CLANG_WARN_INT_CONVERSION = YES;
				CLANG_WARN_NON_LITERAL_NULL_CONVERSION = YES;
				CLANG_WARN_OBJC_LITERAL_CONVERSION = YES;
				CLANG_WARN_OBJC_ROOT_CLASS = YES_ERROR;
				CLANG_WARN_RANGE_LOOP_ANALYSIS = YES;
				CLANG_WARN_STRICT_PROTOTYPES = YES;
				CLANG_WARN_SUSPICIOUS_MOVE = YES;
				CLANG_WARN_UNGUARDED_AVAILABILITY = YES_AGGRESSIVE;
				CLANG_WARN_UNREACHABLE_CODE = YES;
				CLANG_WARN__DUPLICATE_METHOD_MATCH = YES;
				CODE_SIGN_IDENTITY = "iPhone Developer";
				COPY_PHASE_STRIP = NO;
				DEBUG_INFORMATION_FORMAT = dwarf;
				ENABLE_STRICT_OBJC_MSGSEND = YES;
				ENABLE_TESTABILITY = YES;
				GCC_C_LANGUAGE_STANDARD = gnu11;
				GCC_DYNAMIC_NO_PIC = NO;
				GCC_NO_COMMON_BLOCKS = YES;
				GCC_OPTIMIZATION_LEVEL = 0;
				GCC_PREPROCESSOR_DEFINITIONS = (
					"DEBUG=1",
					"$(inherited)",
				);
				GCC_WARN_64_TO_32_BIT_CONVERSION = YES;
				GCC_WARN_ABOUT_RETURN_TYPE = YES_ERROR;
				GCC_WARN_UNDECLARED_SELECTOR = YES;
				GCC_WARN_UNINITIALIZED_AUTOS = YES_AGGRESSIVE;
				GCC_WARN_UNUSED_FUNCTION = YES;
				GCC_WARN_UNUSED_VARIABLE = YES;
				IPHONEOS_DEPLOYMENT_TARGET = 11.2;
				MTL_ENABLE_DEBUG_INFO = YES;
				ONLY_ACTIVE_ARCH = YES;
				SDKROOT = iphoneos;
			};
			name = Debug;
		};
		05C52B8E20A574310056AB3E /* Release */ = {
			isa = XCBuildConfiguration;
			buildSettings = {
				ALWAYS_SEARCH_USER_PATHS = NO;
				CLANG_ANALYZER_NONNULL = YES;
				CLANG_ANALYZER_NUMBER_OBJECT_CONVERSION = YES_AGGRESSIVE;
				CLANG_CXX_LANGUAGE_STANDARD = "gnu++14";
				CLANG_CXX_LIBRARY = "libc++";
				CLANG_ENABLE_MODULES = YES;
				CLANG_ENABLE_OBJC_ARC = YES;
				CLANG_WARN_BLOCK_CAPTURE_AUTORELEASING = YES;
				CLANG_WARN_BOOL_CONVERSION = YES;
				CLANG_WARN_COMMA = YES;
				CLANG_WARN_CONSTANT_CONVERSION = YES;
				CLANG_WARN_DIRECT_OBJC_ISA_USAGE = YES_ERROR;
				CLANG_WARN_DOCUMENTATION_COMMENTS = YES;
				CLANG_WARN_EMPTY_BODY = YES;
				CLANG_WARN_ENUM_CONVERSION = YES;
				CLANG_WARN_INFINITE_RECURSION = YES;
				CLANG_WARN_INT_CONVERSION = YES;
				CLANG_WARN_NON_LITERAL_NULL_CONVERSION = YES;
				CLANG_WARN_OBJC_LITERAL_CONVERSION = YES;
				CLANG_WARN_OBJC_ROOT_CLASS = YES_ERROR;
				CLANG_WARN_RANGE_LOOP_ANALYSIS = YES;
				CLANG_WARN_STRICT_PROTOTYPES = YES;
				CLANG_WARN_SUSPICIOUS_MOVE = YES;
				CLANG_WARN_UNGUARDED_AVAILABILITY = YES_AGGRESSIVE;
				CLANG_WARN_UNREACHABLE_CODE = YES;
				CLANG_WARN__DUPLICATE_METHOD_MATCH = YES;
				CODE_SIGN_IDENTITY = "iPhone Developer";
				COPY_PHASE_STRIP = NO;
				DEBUG_INFORMATION_FORMAT = "dwarf-with-dsym";
				ENABLE_NS_ASSERTIONS = NO;
				ENABLE_STRICT_OBJC_MSGSEND = YES;
				GCC_C_LANGUAGE_STANDARD = gnu11;
				GCC_NO_COMMON_BLOCKS = YES;
				GCC_WARN_64_TO_32_BIT_CONVERSION = YES;
				GCC_WARN_ABOUT_RETURN_TYPE = YES_ERROR;
				GCC_WARN_UNDECLARED_SELECTOR = YES;
				GCC_WARN_UNINITIALIZED_AUTOS = YES_AGGRESSIVE;
				GCC_WARN_UNUSED_FUNCTION = YES;
				GCC_WARN_UNUSED_VARIABLE = YES;
				IPHONEOS_DEPLOYMENT_TARGET = 11.2;
				MTL_ENABLE_DEBUG_INFO = NO;
				SDKROOT = iphoneos;
				VALIDATE_PRODUCT = YES;
			};
			name = Release;
		};
		05C52B9020A574310056AB3E /* Debug */ = {
			isa = XCBuildConfiguration;
			baseConfigurationReference = F3A9D2C6429642D2C478E9FC /* Pods-A_Category.debug.xcconfig */;
			buildSettings = {
				ASSETCATALOG_COMPILER_APPICON_NAME = AppIcon;
				CODE_SIGN_STYLE = Automatic;
				INFOPLIST_FILE = A_Category/Info.plist;
				LD_RUNPATH_SEARCH_PATHS = "$(inherited) @executable_path/Frameworks";
				PRODUCT_BUNDLE_IDENTIFIER = "lucky.A-Category";
				PRODUCT_NAME = "$(TARGET_NAME)";
				TARGETED_DEVICE_FAMILY = "1,2";
			};
			name = Debug;
		};
		05C52B9120A574310056AB3E /* Release */ = {
			isa = XCBuildConfiguration;
			baseConfigurationReference = C6D03B93E45E8F7009661160 /* Pods-A_Category.release.xcconfig */;
			buildSettings = {
				ASSETCATALOG_COMPILER_APPICON_NAME = AppIcon;
				CODE_SIGN_STYLE = Automatic;
				INFOPLIST_FILE = A_Category/Info.plist;
				LD_RUNPATH_SEARCH_PATHS = "$(inherited) @executable_path/Frameworks";
				PRODUCT_BUNDLE_IDENTIFIER = "lucky.A-Category";
				PRODUCT_NAME = "$(TARGET_NAME)";
				TARGETED_DEVICE_FAMILY = "1,2";
			};
			name = Release;
		};
		05C52B9320A574310056AB3E /* Debug */ = {
			isa = XCBuildConfiguration;
			buildSettings = {
				BUNDLE_LOADER = "$(TEST_HOST)";
				CODE_SIGN_STYLE = Automatic;
				INFOPLIST_FILE = A_CategoryTests/Info.plist;
				LD_RUNPATH_SEARCH_PATHS = "$(inherited) @executable_path/Frameworks @loader_path/Frameworks";
				PRODUCT_BUNDLE_IDENTIFIER = "lucky.A-CategoryTests";
				PRODUCT_NAME = "$(TARGET_NAME)";
				TARGETED_DEVICE_FAMILY = "1,2";
				TEST_HOST = "$(BUILT_PRODUCTS_DIR)/A_Category.app/A_Category";
			};
			name = Debug;
		};
		05C52B9420A574310056AB3E /* Release */ = {
			isa = XCBuildConfiguration;
			buildSettings = {
				BUNDLE_LOADER = "$(TEST_HOST)";
				CODE_SIGN_STYLE = Automatic;
				INFOPLIST_FILE = A_CategoryTests/Info.plist;
				LD_RUNPATH_SEARCH_PATHS = "$(inherited) @executable_path/Frameworks @loader_path/Frameworks";
				PRODUCT_BUNDLE_IDENTIFIER = "lucky.A-CategoryTests";
				PRODUCT_NAME = "$(TARGET_NAME)";
				TARGETED_DEVICE_FAMILY = "1,2";
				TEST_HOST = "$(BUILT_PRODUCTS_DIR)/A_Category.app/A_Category";
			};
			name = Release;
		};
		05C52B9620A574310056AB3E /* Debug */ = {
			isa = XCBuildConfiguration;
			buildSettings = {
				CODE_SIGN_STYLE = Automatic;
				INFOPLIST_FILE = A_CategoryUITests/Info.plist;
				LD_RUNPATH_SEARCH_PATHS = "$(inherited) @executable_path/Frameworks @loader_path/Frameworks";
				PRODUCT_BUNDLE_IDENTIFIER = "lucky.A-CategoryUITests";
				PRODUCT_NAME = "$(TARGET_NAME)";
				TARGETED_DEVICE_FAMILY = "1,2";
				TEST_TARGET_NAME = A_Category;
			};
			name = Debug;
		};
		05C52B9720A574310056AB3E /* Release */ = {
			isa = XCBuildConfiguration;
			buildSettings = {
				CODE_SIGN_STYLE = Automatic;
				INFOPLIST_FILE = A_CategoryUITests/Info.plist;
				LD_RUNPATH_SEARCH_PATHS = "$(inherited) @executable_path/Frameworks @loader_path/Frameworks";
				PRODUCT_BUNDLE_IDENTIFIER = "lucky.A-CategoryUITests";
				PRODUCT_NAME = "$(TARGET_NAME)";
				TARGETED_DEVICE_FAMILY = "1,2";
				TEST_TARGET_NAME = A_Category;
			};
			name = Release;
		};
/* End XCBuildConfiguration section */

/* Begin XCConfigurationList section */
		05C52B5E20A574300056AB3E /* Build configuration list for PBXProject "A_Category" */ = {
			isa = XCConfigurationList;
			buildConfigurations = (
				05C52B8D20A574310056AB3E /* Debug */,
				05C52B8E20A574310056AB3E /* Release */,
			);
			defaultConfigurationIsVisible = 0;
			defaultConfigurationName = Release;
		};
		05C52B8F20A574310056AB3E /* Build configuration list for PBXNativeTarget "A_Category" */ = {
			isa = XCConfigurationList;
			buildConfigurations = (
				05C52B9020A574310056AB3E /* Debug */,
				05C52B9120A574310056AB3E /* Release */,
			);
			defaultConfigurationIsVisible = 0;
			defaultConfigurationName = Release;
		};
		05C52B9220A574310056AB3E /* Build configuration list for PBXNativeTarget "A_CategoryTests" */ = {
			isa = XCConfigurationList;
			buildConfigurations = (
				05C52B9320A574310056AB3E /* Debug */,
				05C52B9420A574310056AB3E /* Release */,
			);
			defaultConfigurationIsVisible = 0;
			defaultConfigurationName = Release;
		};
		05C52B9520A574310056AB3E /* Build configuration list for PBXNativeTarget "A_CategoryUITests" */ = {
			isa = XCConfigurationList;
			buildConfigurations = (
				05C52B9620A574310056AB3E /* Debug */,
				05C52B9720A574310056AB3E /* Release */,
			);
			defaultConfigurationIsVisible = 0;
			defaultConfigurationName = Release;
		};
/* End XCConfigurationList section */
	};
	rootObject = 05C52B5B20A574300056AB3E /* Project object */;
}
